// !$*UTF8*$!
{
	archiveVersion = 1;
	classes = {
	};
	objectVersion = 56;
	objects = {

/* Begin PBXBuildFile section */
		885AFA8B298501D700B5A562 /* SwiftUICanvasApp.swift in Sources */ = {isa = PBXBuildFile; fileRef = 885AFA8A298501D700B5A562 /* SwiftUICanvasApp.swift */; };
		885AFA8D298501D700B5A562 /* ContentView.swift in Sources */ = {isa = PBXBuildFile; fileRef = 885AFA8C298501D700B5A562 /* ContentView.swift */; };
		885AFA8F298501D900B5A562 /* Assets.xcassets in Resources */ = {isa = PBXBuildFile; fileRef = 885AFA8E298501D900B5A562 /* Assets.xcassets */; };
		885AFA92298501D900B5A562 /* Preview Assets.xcassets in Resources */ = {isa = PBXBuildFile; fileRef = 885AFA91298501D900B5A562 /* Preview Assets.xcassets */; };
		885AFA9C298501DA00B5A562 /* SwiftUICanvasTests.swift in Sources */ = {isa = PBXBuildFile; fileRef = 885AFA9B298501DA00B5A562 /* SwiftUICanvasTests.swift */; };
		885AFAA6298501DA00B5A562 /* SwiftUICanvasUITests.swift in Sources */ = {isa = PBXBuildFile; fileRef = 885AFAA5298501DA00B5A562 /* SwiftUICanvasUITests.swift */; };
		885AFAA8298501DA00B5A562 /* SwiftUICanvasUITestsLaunchTests.swift in Sources */ = {isa = PBXBuildFile; fileRef = 885AFAA7298501DA00B5A562 /* SwiftUICanvasUITestsLaunchTests.swift */; };
/* End PBXBuildFile section */

/* Begin PBXContainerItemProxy section */
		885AFA98298501DA00B5A562 /* PBXContainerItemProxy */ = {
			isa = PBXContainerItemProxy;
			containerPortal = 885AFA7F298501D700B5A562 /* Project object */;
			proxyType = 1;
			remoteGlobalIDString = 885AFA86298501D700B5A562;
			remoteInfo = SwiftUICanvas;
		};
		885AFAA2298501DA00B5A562 /* PBXContainerItemProxy */ = {
			isa = PBXContainerItemProxy;
			containerPortal = 885AFA7F298501D700B5A562 /* Project object */;
			proxyType = 1;
			remoteGlobalIDString = 885AFA86298501D700B5A562;
			remoteInfo = SwiftUICanvas;
		};
/* End PBXContainerItemProxy section */

/* Begin PBXFileReference section */
		885AFA87298501D700B5A562 /* SwiftUICanvas.app */ = {isa = PBXFileReference; explicitFileType = wrapper.application; includeInIndex = 0; path = SwiftUICanvas.app; sourceTree = BUILT_PRODUCTS_DIR; };
		885AFA8A298501D700B5A562 /* SwiftUICanvasApp.swift */ = {isa = PBXFileReference; lastKnownFileType = sourcecode.swift; path = SwiftUICanvasApp.swift; sourceTree = "<group>"; };
		885AFA8C298501D700B5A562 /* ContentView.swift */ = {isa = PBXFileReference; lastKnownFileType = sourcecode.swift; path = ContentView.swift; sourceTree = "<group>"; };
		885AFA8E298501D900B5A562 /* Assets.xcassets */ = {isa = PBXFileReference; lastKnownFileType = folder.assetcatalog; path = Assets.xcassets; sourceTree = "<group>"; };
		885AFA91298501D900B5A562 /* Preview Assets.xcassets */ = {isa = PBXFileReference; lastKnownFileType = folder.assetcatalog; path = "Preview Assets.xcassets"; sourceTree = "<group>"; };
		885AFA97298501DA00B5A562 /* SwiftUICanvasTests.xctest */ = {isa = PBXFileReference; explicitFileType = wrapper.cfbundle; includeInIndex = 0; path = SwiftUICanvasTests.xctest; sourceTree = BUILT_PRODUCTS_DIR; };
		885AFA9B298501DA00B5A562 /* SwiftUICanvasTests.swift */ = {isa = PBXFileReference; lastKnownFileType = sourcecode.swift; path = SwiftUICanvasTests.swift; sourceTree = "<group>"; };
		885AFAA1298501DA00B5A562 /* SwiftUICanvasUITests.xctest */ = {isa = PBXFileReference; explicitFileType = wrapper.cfbundle; includeInIndex = 0; path = SwiftUICanvasUITests.xctest; sourceTree = BUILT_PRODUCTS_DIR; };
		885AFAA5298501DA00B5A562 /* SwiftUICanvasUITests.swift */ = {isa = PBXFileReference; lastKnownFileType = sourcecode.swift; path = SwiftUICanvasUITests.swift; sourceTree = "<group>"; };
		885AFAA7298501DA00B5A562 /* SwiftUICanvasUITestsLaunchTests.swift */ = {isa = PBXFileReference; lastKnownFileType = sourcecode.swift; path = SwiftUICanvasUITestsLaunchTests.swift; sourceTree = "<group>"; };
/* End PBXFileReference section */

/* Begin PBXFrameworksBuildPhase section */
		885AFA84298501D700B5A562 /* Frameworks */ = {
			isa = PBXFrameworksBuildPhase;
			buildActionMask = 2147483647;
			files = (
			);
			runOnlyForDeploymentPostprocessing = 0;
		};
		885AFA94298501DA00B5A562 /* Frameworks */ = {
			isa = PBXFrameworksBuildPhase;
			buildActionMask = 2147483647;
			files = (
			);
			runOnlyForDeploymentPostprocessing = 0;
		};
		885AFA9E298501DA00B5A562 /* Frameworks */ = {
			isa = PBXFrameworksBuildPhase;
			buildActionMask = 2147483647;
			files = (
			);
			runOnlyForDeploymentPostprocessing = 0;
		};
/* End PBXFrameworksBuildPhase section */

/* Begin PBXGroup section */
		885AFA7E298501D700B5A562 = {
			isa = PBXGroup;
			children = (
				885AFA89298501D700B5A562 /* SwiftUICanvas */,
				885AFA9A298501DA00B5A562 /* SwiftUICanvasTests */,
				885AFAA4298501DA00B5A562 /* SwiftUICanvasUITests */,
				885AFA88298501D700B5A562 /* Products */,
			);
			sourceTree = "<group>";
		};
		885AFA88298501D700B5A562 /* Products */ = {
			isa = PBXGroup;
			children = (
				885AFA87298501D700B5A562 /* SwiftUICanvas.app */,
				885AFA97298501DA00B5A562 /* SwiftUICanvasTests.xctest */,
				885AFAA1298501DA00B5A562 /* SwiftUICanvasUITests.xctest */,
			);
			name = Products;
			sourceTree = "<group>";
		};
		885AFA89298501D700B5A562 /* SwiftUICanvas */ = {
			isa = PBXGroup;
			children = (
				885AFA8A298501D700B5A562 /* SwiftUICanvasApp.swift */,
				885AFA8C298501D700B5A562 /* ContentView.swift */,
				885AFA8E298501D900B5A562 /* Assets.xcassets */,
				885AFA90298501D900B5A562 /* Preview Content */,
			);
			path = SwiftUICanvas;
			sourceTree = "<group>";
		};
		885AFA90298501D900B5A562 /* Preview Content */ = {
			isa = PBXGroup;
			children = (
				885AFA91298501D900B5A562 /* Preview Assets.xcassets */,
			);
			path = "Preview Content";
			sourceTree = "<group>";
		};
		885AFA9A298501DA00B5A562 /* SwiftUICanvasTests */ = {
			isa = PBXGroup;
			children = (
				885AFA9B298501DA00B5A562 /* SwiftUICanvasTests.swift */,
			);
			path = SwiftUICanvasTests;
			sourceTree = "<group>";
		};
		885AFAA4298501DA00B5A562 /* SwiftUICanvasUITests */ = {
			isa = PBXGroup;
			children = (
				885AFAA5298501DA00B5A562 /* SwiftUICanvasUITests.swift */,
				885AFAA7298501DA00B5A562 /* SwiftUICanvasUITestsLaunchTests.swift */,
			);
			path = SwiftUICanvasUITests;
			sourceTree = "<group>";
		};
/* End PBXGroup section */

/* Begin PBXNativeTarget section */
		885AFA86298501D700B5A562 /* SwiftUICanvas */ = {
			isa = PBXNativeTarget;
			buildConfigurationList = 885AFAAB298501DA00B5A562 /* Build configuration list for PBXNativeTarget "SwiftUICanvas" */;
			buildPhases = (
				885AFA83298501D700B5A562 /* Sources */,
				885AFA84298501D700B5A562 /* Frameworks */,
				885AFA85298501D700B5A562 /* Resources */,
			);
			buildRules = (
			);
			dependencies = (
			);
			name = SwiftUICanvas;
			productName = SwiftUICanvas;
			productReference = 885AFA87298501D700B5A562 /* SwiftUICanvas.app */;
			productType = "com.apple.product-type.application";
		};
		885AFA96298501DA00B5A562 /* SwiftUICanvasTests */ = {
			isa = PBXNativeTarget;
			buildConfigurationList = 885AFAAE298501DA00B5A562 /* Build configuration list for PBXNativeTarget "SwiftUICanvasTests" */;
			buildPhases = (
				885AFA93298501DA00B5A562 /* Sources */,
				885AFA94298501DA00B5A562 /* Frameworks */,
				885AFA95298501DA00B5A562 /* Resources */,
			);
			buildRules = (
			);
			dependencies = (
				885AFA99298501DA00B5A562 /* PBXTargetDependency */,
			);
			name = SwiftUICanvasTests;
			productName = SwiftUICanvasTests;
			productReference = 885AFA97298501DA00B5A562 /* SwiftUICanvasTests.xctest */;
			productType = "com.apple.product-type.bundle.unit-test";
		};
		885AFAA0298501DA00B5A562 /* SwiftUICanvasUITests */ = {
			isa = PBXNativeTarget;
			buildConfigurationList = 885AFAB1298501DA00B5A562 /* Build configuration list for PBXNativeTarget "SwiftUICanvasUITests" */;
			buildPhases = (
				885AFA9D298501DA00B5A562 /* Sources */,
				885AFA9E298501DA00B5A562 /* Frameworks */,
				885AFA9F298501DA00B5A562 /* Resources */,
			);
			buildRules = (
			);
			dependencies = (
				885AFAA3298501DA00B5A562 /* PBXTargetDependency */,
			);
			name = SwiftUICanvasUITests;
			productName = SwiftUICanvasUITests;
			productReference = 885AFAA1298501DA00B5A562 /* SwiftUICanvasUITests.xctest */;
			productType = "com.apple.product-type.bundle.ui-testing";
		};
/* End PBXNativeTarget section */

/* Begin PBXProject section */
		885AFA7F298501D700B5A562 /* Project object */ = {
			isa = PBXProject;
			attributes = {
				BuildIndependentTargetsInParallel = 1;
				LastSwiftUpdateCheck = 1420;
				LastUpgradeCheck = 1420;
				TargetAttributes = {
					885AFA86298501D700B5A562 = {
						CreatedOnToolsVersion = 14.2;
					};
					885AFA96298501DA00B5A562 = {
						CreatedOnToolsVersion = 14.2;
						TestTargetID = 885AFA86298501D700B5A562;
					};
					885AFAA0298501DA00B5A562 = {
						CreatedOnToolsVersion = 14.2;
						TestTargetID = 885AFA86298501D700B5A562;
					};
				};
			};
			buildConfigurationList = 885AFA82298501D700B5A562 /* Build configuration list for PBXProject "SwiftUICanvas" */;
			compatibilityVersion = "Xcode 14.0";
			developmentRegion = en;
			hasScannedForEncodings = 0;
			knownRegions = (
				en,
				Base,
			);
			mainGroup = 885AFA7E298501D700B5A562;
			productRefGroup = 885AFA88298501D700B5A562 /* Products */;
			projectDirPath = "";
			projectRoot = "";
			targets = (
				885AFA86298501D700B5A562 /* SwiftUICanvas */,
				885AFA96298501DA00B5A562 /* SwiftUICanvasTests */,
				885AFAA0298501DA00B5A562 /* SwiftUICanvasUITests */,
			);
		};
/* End PBXProject section */

/* Begin PBXResourcesBuildPhase section */
		885AFA85298501D700B5A562 /* Resources */ = {
			isa = PBXResourcesBuildPhase;
			buildActionMask = 2147483647;
			files = (
				885AFA92298501D900B5A562 /* Preview Assets.xcassets in Resources */,
				885AFA8F298501D900B5A562 /* Assets.xcassets in Resources */,
			);
			runOnlyForDeploymentPostprocessing = 0;
		};
		885AFA95298501DA00B5A562 /* Resources */ = {
			isa = PBXResourcesBuildPhase;
			buildActionMask = 2147483647;
			files = (
			);
			runOnlyForDeploymentPostprocessing = 0;
		};
		885AFA9F298501DA00B5A562 /* Resources */ = {
			isa = PBXResourcesBuildPhase;
			buildActionMask = 2147483647;
			files = (
			);
			runOnlyForDeploymentPostprocessing = 0;
		};
/* End PBXResourcesBuildPhase section */

/* Begin PBXSourcesBuildPhase section */
		885AFA83298501D700B5A562 /* Sources */ = {
			isa = PBXSourcesBuildPhase;
			buildActionMask = 2147483647;
			files = (
				885AFA8D298501D700B5A562 /* ContentView.swift in Sources */,
				885AFA8B298501D700B5A562 /* SwiftUICanvasApp.swift in Sources */,
			);
			runOnlyForDeploymentPostprocessing = 0;
		};
		885AFA93298501DA00B5A562 /* Sources */ = {
			isa = PBXSourcesBuildPhase;
			buildActionMask = 2147483647;
			files = (
				885AFA9C298501DA00B5A562 /* SwiftUICanvasTests.swift in Sources */,
			);
			runOnlyForDeploymentPostprocessing = 0;
		};
		885AFA9D298501DA00B5A562 /* Sources */ = {
			isa = PBXSourcesBuildPhase;
			buildActionMask = 2147483647;
			files = (
				885AFAA8298501DA00B5A562 /* SwiftUICanvasUITestsLaunchTests.swift in Sources */,
				885AFAA6298501DA00B5A562 /* SwiftUICanvasUITests.swift in Sources */,
			);
			runOnlyForDeploymentPostprocessing = 0;
		};
/* End PBXSourcesBuildPhase section */

/* Begin PBXTargetDependency section */
		885AFA99298501DA00B5A562 /* PBXTargetDependency */ = {
			isa = PBXTargetDependency;
			target = 885AFA86298501D700B5A562 /* SwiftUICanvas */;
			targetProxy = 885AFA98298501DA00B5A562 /* PBXContainerItemProxy */;
		};
		885AFAA3298501DA00B5A562 /* PBXTargetDependency */ = {
			isa = PBXTargetDependency;
			target = 885AFA86298501D700B5A562 /* SwiftUICanvas */;
			targetProxy = 885AFAA2298501DA00B5A562 /* PBXContainerItemProxy */;
		};
/* End PBXTargetDependency section */

/* Begin XCBuildConfiguration section */
		885AFAA9298501DA00B5A562 /* Debug */ = {
			isa = XCBuildConfiguration;
			buildSettings = {
				ALWAYS_SEARCH_USER_PATHS = NO;
				CLANG_ANALYZER_NONNULL = YES;
				CLANG_ANALYZER_NUMBER_OBJECT_CONVERSION = YES_AGGRESSIVE;
				CLANG_CXX_LANGUAGE_STANDARD = "gnu++20";
				CLANG_ENABLE_MODULES = YES;
				CLANG_ENABLE_OBJC_ARC = YES;
				CLANG_ENABLE_OBJC_WEAK = YES;
				CLANG_WARN_BLOCK_CAPTURE_AUTORELEASING = YES;
				CLANG_WARN_BOOL_CONVERSION = YES;
				CLANG_WARN_COMMA = YES;
				CLANG_WARN_CONSTANT_CONVERSION = YES;
				CLANG_WARN_DEPRECATED_OBJC_IMPLEMENTATIONS = YES;
				CLANG_WARN_DIRECT_OBJC_ISA_USAGE = YES_ERROR;
				CLANG_WARN_DOCUMENTATION_COMMENTS = YES;
				CLANG_WARN_EMPTY_BODY = YES;
				CLANG_WARN_ENUM_CONVERSION = YES;
				CLANG_WARN_INFINITE_RECURSION = YES;
				CLANG_WARN_INT_CONVERSION = YES;
				CLANG_WARN_NON_LITERAL_NULL_CONVERSION = YES;
				CLANG_WARN_OBJC_IMPLICIT_RETAIN_SELF = YES;
				CLANG_WARN_OBJC_LITERAL_CONVERSION = YES;
				CLANG_WARN_OBJC_ROOT_CLASS = YES_ERROR;
				CLANG_WARN_QUOTED_INCLUDE_IN_FRAMEWORK_HEADER = YES;
				CLANG_WARN_RANGE_LOOP_ANALYSIS = YES;
				CLANG_WARN_STRICT_PROTOTYPES = YES;
				CLANG_WARN_SUSPICIOUS_MOVE = YES;
				CLANG_WARN_UNGUARDED_AVAILABILITY = YES_AGGRESSIVE;
				CLANG_WARN_UNREACHABLE_CODE = YES;
				CLANG_WARN__DUPLICATE_METHOD_MATCH = YES;
				COPY_PHASE_STRIP = NO;
				DEBUG_INFORMATION_FORMAT = dwarf;
				ENABLE_STRICT_OBJC_MSGSEND = YES;
				ENABLE_TESTABILITY = YES;
				GCC_C_LANGUAGE_STANDARD = gnu11;
				GCC_DYNAMIC_NO_PIC = NO;
				GCC_NO_COMMON_BLOCKS = YES;
				GCC_OPTIMIZATION_LEVEL = 0;
				GCC_PREPROCESSOR_DEFINITIONS = (
					"DEBUG=1",
					"$(inherited)",
				);
				GCC_WARN_64_TO_32_BIT_CONVERSION = YES;
				GCC_WARN_ABOUT_RETURN_TYPE = YES_ERROR;
				GCC_WARN_UNDECLARED_SELECTOR = YES;
				GCC_WARN_UNINITIALIZED_AUTOS = YES_AGGRESSIVE;
				GCC_WARN_UNUSED_FUNCTION = YES;
				GCC_WARN_UNUSED_VARIABLE = YES;
				IPHONEOS_DEPLOYMENT_TARGET = 16.2;
				MTL_ENABLE_DEBUG_INFO = INCLUDE_SOURCE;
				MTL_FAST_MATH = YES;
				ONLY_ACTIVE_ARCH = YES;
				SDKROOT = iphoneos;
				SWIFT_ACTIVE_COMPILATION_CONDITIONS = DEBUG;
				SWIFT_OPTIMIZATION_LEVEL = "-Onone";
			};
			name = Debug;
		};
		885AFAAA298501DA00B5A562 /* Release */ = {
			isa = XCBuildConfiguration;
			buildSettings = {
				ALWAYS_SEARCH_USER_PATHS = NO;
				CLANG_ANALYZER_NONNULL = YES;
				CLANG_ANALYZER_NUMBER_OBJECT_CONVERSION = YES_AGGRESSIVE;
				CLANG_CXX_LANGUAGE_STANDARD = "gnu++20";
				CLANG_ENABLE_MODULES = YES;
				CLANG_ENABLE_OBJC_ARC = YES;
				CLANG_ENABLE_OBJC_WEAK = YES;
				CLANG_WARN_BLOCK_CAPTURE_AUTORELEASING = YES;
				CLANG_WARN_BOOL_CONVERSION = YES;
				CLANG_WARN_COMMA = YES;
				CLANG_WARN_CONSTANT_CONVERSION = YES;
				CLANG_WARN_DEPRECATED_OBJC_IMPLEMENTATIONS = YES;
				CLANG_WARN_DIRECT_OBJC_ISA_USAGE = YES_ERROR;
				CLANG_WARN_DOCUMENTATION_COMMENTS = YES;
				CLANG_WARN_EMPTY_BODY = YES;
				CLANG_WARN_ENUM_CONVERSION = YES;
				CLANG_WARN_INFINITE_RECURSION = YES;
				CLANG_WARN_INT_CONVERSION = YES;
				CLANG_WARN_NON_LITERAL_NULL_CONVERSION = YES;
				CLANG_WARN_OBJC_IMPLICIT_RETAIN_SELF = YES;
				CLANG_WARN_OBJC_LITERAL_CONVERSION = YES;
				CLANG_WARN_OBJC_ROOT_CLASS = YES_ERROR;
				CLANG_WARN_QUOTED_INCLUDE_IN_FRAMEWORK_HEADER = YES;
				CLANG_WARN_RANGE_LOOP_ANALYSIS = YES;
				CLANG_WARN_STRICT_PROTOTYPES = YES;
				CLANG_WARN_SUSPICIOUS_MOVE = YES;
				CLANG_WARN_UNGUARDED_AVAILABILITY = YES_AGGRESSIVE;
				CLANG_WARN_UNREACHABLE_CODE = YES;
				CLANG_WARN__DUPLICATE_METHOD_MATCH = YES;
				COPY_PHASE_STRIP = NO;
				DEBUG_INFORMATION_FORMAT = "dwarf-with-dsym";
				ENABLE_NS_ASSERTIONS = NO;
				ENABLE_STRICT_OBJC_MSGSEND = YES;
				GCC_C_LANGUAGE_STANDARD = gnu11;
				GCC_NO_COMMON_BLOCKS = YES;
				GCC_WARN_64_TO_32_BIT_CONVERSION = YES;
				GCC_WARN_ABOUT_RETURN_TYPE = YES_ERROR;
				GCC_WARN_UNDECLARED_SELECTOR = YES;
				GCC_WARN_UNINITIALIZED_AUTOS = YES_AGGRESSIVE;
				GCC_WARN_UNUSED_FUNCTION = YES;
				GCC_WARN_UNUSED_VARIABLE = YES;
				IPHONEOS_DEPLOYMENT_TARGET = 16.2;
				MTL_ENABLE_DEBUG_INFO = NO;
				MTL_FAST_MATH = YES;
				SDKROOT = iphoneos;
				SWIFT_COMPILATION_MODE = wholemodule;
				SWIFT_OPTIMIZATION_LEVEL = "-O";
				VALIDATE_PRODUCT = YES;
			};
			name = Release;
		};
		885AFAAC298501DA00B5A562 /* Debug */ = {
			isa = XCBuildConfiguration;
			buildSettings = {
				ASSETCATALOG_COMPILER_APPICON_NAME = AppIcon;
				ASSETCATALOG_COMPILER_GLOBAL_ACCENT_COLOR_NAME = AccentColor;
				CODE_SIGN_STYLE = Automatic;
				CURRENT_PROJECT_VERSION = 1;
				DEVELOPMENT_ASSET_PATHS = "\"SwiftUICanvas/Preview Content\"";
				DEVELOPMENT_TEAM = KLS8RP6LJ9;
				ENABLE_PREVIEWS = YES;
				GENERATE_INFOPLIST_FILE = YES;
				INFOPLIST_KEY_UIApplicationSceneManifest_Generation = YES;
				INFOPLIST_KEY_UIApplicationSupportsIndirectInputEvents = YES;
				INFOPLIST_KEY_UILaunchScreen_Generation = YES;
				INFOPLIST_KEY_UISupportedInterfaceOrientations_iPad = "UIInterfaceOrientationPortrait UIInterfaceOrientationPortraitUpsideDown UIInterfaceOrientationLandscapeLeft UIInterfaceOrientationLandscapeRight";
				INFOPLIST_KEY_UISupportedInterfaceOrientations_iPhone = "UIInterfaceOrientationPortrait UIInterfaceOrientationLandscapeLeft UIInterfaceOrientationLandscapeRight";
				LD_RUNPATH_SEARCH_PATHS = (
					"$(inherited)",
					"@executable_path/Frameworks",
				);
				MARKETING_VERSION = 1.0;
				PRODUCT_BUNDLE_IDENTIFIER = com.egementrk.SwiftUICanvas;
				PRODUCT_NAME = "$(TARGET_NAME)";
				SWIFT_EMIT_LOC_STRINGS = YES;
				SWIFT_VERSION = 5.0;
				TARGETED_DEVICE_FAMILY = "1,2";
			};
			name = Debug;
		};
		885AFAAD298501DA00B5A562 /* Release */ = {
			isa = XCBuildConfiguration;
			buildSettings = {
				ASSETCATALOG_COMPILER_APPICON_NAME = AppIcon;
				ASSETCATALOG_COMPILER_GLOBAL_ACCENT_COLOR_NAME = AccentColor;
				CODE_SIGN_STYLE = Automatic;
				CURRENT_PROJECT_VERSION = 1;
				DEVELOPMENT_ASSET_PATHS = "\"SwiftUICanvas/Preview Content\"";
				DEVELOPMENT_TEAM = KLS8RP6LJ9;
				ENABLE_PREVIEWS = YES;
				GENERATE_INFOPLIST_FILE = YES;
				INFOPLIST_KEY_UIApplicationSceneManifest_Generation = YES;
				INFOPLIST_KEY_UIApplicationSupportsIndirectInputEvents = YES;
				INFOPLIST_KEY_UILaunchScreen_Generation = YES;
				INFOPLIST_KEY_UISupportedInterfaceOrientations_iPad = "UIInterfaceOrientationPortrait UIInterfaceOrientationPortraitUpsideDown UIInterfaceOrientationLandscapeLeft UIInterfaceOrientationLandscapeRight";
				INFOPLIST_KEY_UISupportedInterfaceOrientations_iPhone = "UIInterfaceOrientationPortrait UIInterfaceOrientationLandscapeLeft UIInterfaceOrientationLandscapeRight";
				LD_RUNPATH_SEARCH_PATHS = (
					"$(inherited)",
					"@executable_path/Frameworks",
				);
				MARKETING_VERSION = 1.0;
				PRODUCT_BUNDLE_IDENTIFIER = com.egementrk.SwiftUICanvas;
				PRODUCT_NAME = "$(TARGET_NAME)";
				SWIFT_EMIT_LOC_STRINGS = YES;
				SWIFT_VERSION = 5.0;
				TARGETED_DEVICE_FAMILY = "1,2";
			};
			name = Release;
		};
		885AFAAF298501DA00B5A562 /* Debug */ = {
			isa = XCBuildConfiguration;
			buildSettings = {
				ALWAYS_EMBED_SWIFT_STANDARD_LIBRARIES = YES;
				BUNDLE_LOADER = "$(TEST_HOST)";
				CODE_SIGN_STYLE = Automatic;
				CURRENT_PROJECT_VERSION = 1;
				DEVELOPMENT_TEAM = KLS8RP6LJ9;
				GENERATE_INFOPLIST_FILE = YES;
				IPHONEOS_DEPLOYMENT_TARGET = 16.2;
				MARKETING_VERSION = 1.0;
				PRODUCT_BUNDLE_IDENTIFIER = com.egementrk.SwiftUICanvasTests;
				PRODUCT_NAME = "$(TARGET_NAME)";
				SWIFT_EMIT_LOC_STRINGS = NO;
				SWIFT_VERSION = 5.0;
				TARGETED_DEVICE_FAMILY = "1,2";
				TEST_HOST = "$(BUILT_PRODUCTS_DIR)/SwiftUICanvas.app/$(BUNDLE_EXECUTABLE_FOLDER_PATH)/SwiftUICanvas";
			};
			name = Debug;
		};
		885AFAB0298501DA00B5A562 /* Release */ = {
			isa = XCBuildConfiguration;
			buildSettings = {
				ALWAYS_EMBED_SWIFT_STANDARD_LIBRARIES = YES;
				BUNDLE_LOADER = "$(TEST_HOST)";
				CODE_SIGN_STYLE = Automatic;
				CURRENT_PROJECT_VERSION = 1;
				DEVELOPMENT_TEAM = KLS8RP6LJ9;
				GENERATE_INFOPLIST_FILE = YES;
				IPHONEOS_DEPLOYMENT_TARGET = 16.2;
				MARKETING_VERSION = 1.0;
				PRODUCT_BUNDLE_IDENTIFIER = com.egementrk.SwiftUICanvasTests;
				PRODUCT_NAME = "$(TARGET_NAME)";
				SWIFT_EMIT_LOC_STRINGS = NO;
				SWIFT_VERSION = 5.0;
				TARGETED_DEVICE_FAMILY = "1,2";
				TEST_HOST = "$(BUILT_PRODUCTS_DIR)/SwiftUICanvas.app/$(BUNDLE_EXECUTABLE_FOLDER_PATH)/SwiftUICanvas";
			};
			name = Release;
		};
		885AFAB2298501DA00B5A562 /* Debug */ = {
			isa = XCBuildConfiguration;
			buildSettings = {
				ALWAYS_EMBED_SWIFT_STANDARD_LIBRARIES = YES;
				CODE_SIGN_STYLE = Automatic;
				CURRENT_PROJECT_VERSION = 1;
				DEVELOPMENT_TEAM = KLS8RP6LJ9;
				GENERATE_INFOPLIST_FILE = YES;
				MARKETING_VERSION = 1.0;
				PRODUCT_BUNDLE_IDENTIFIER = com.egementrk.SwiftUICanvasUITests;
				PRODUCT_NAME = "$(TARGET_NAME)";
				SWIFT_EMIT_LOC_STRINGS = NO;
				SWIFT_VERSION = 5.0;
				TARGETED_DEVICE_FAMILY = "1,2";
				TEST_TARGET_NAME = SwiftUICanvas;
			};
			name = Debug;
		};
		885AFAB3298501DA00B5A562 /* Release */ = {
			isa = XCBuildConfiguration;
			buildSettings = {
				ALWAYS_EMBED_SWIFT_STANDARD_LIBRARIES = YES;
				CODE_SIGN_STYLE = Automatic;
				CURRENT_PROJECT_VERSION = 1;
				DEVELOPMENT_TEAM = KLS8RP6LJ9;
				GENERATE_INFOPLIST_FILE = YES;
				MARKETING_VERSION = 1.0;
				PRODUCT_BUNDLE_IDENTIFIER = com.egementrk.SwiftUICanvasUITests;
				PRODUCT_NAME = "$(TARGET_NAME)";
				SWIFT_EMIT_LOC_STRINGS = NO;
				SWIFT_VERSION = 5.0;
				TARGETED_DEVICE_FAMILY = "1,2";
				TEST_TARGET_NAME = SwiftUICanvas;
			};
			name = Release;
		};
/* End XCBuildConfiguration section */

/* Begin XCConfigurationList section */
		885AFA82298501D700B5A562 /* Build configuration list for PBXProject "SwiftUICanvas" */ = {
			isa = XCConfigurationList;
			buildConfigurations = (
				885AFAA9298501DA00B5A562 /* Debug */,
				885AFAAA298501DA00B5A562 /* Release */,
			);
			defaultConfigurationIsVisible = 0;
			defaultConfigurationName = Release;
		};
		885AFAAB298501DA00B5A562 /* Build configuration list for PBXNativeTarget "SwiftUICanvas" */ = {
			isa = XCConfigurationList;
			buildConfigurations = (
				885AFAAC298501DA00B5A562 /* Debug */,
				885AFAAD298501DA00B5A562 /* Release */,
			);
			defaultConfigurationIsVisible = 0;
			defaultConfigurationName = Release;
		};
		885AFAAE298501DA00B5A562 /* Build configuration list for PBXNativeTarget "SwiftUICanvasTests" */ = {
			isa = XCConfigurationList;
			buildConfigurations = (
				885AFAAF298501DA00B5A562 /* Debug */,
				885AFAB0298501DA00B5A562 /* Release */,
			);
			defaultConfigurationIsVisible = 0;
			defaultConfigurationName = Release;
		};
		885AFAB1298501DA00B5A562 /* Build configuration list for PBXNativeTarget "SwiftUICanvasUITests" */ = {
			isa = XCConfigurationList;
			buildConfigurations = (
				885AFAB2298501DA00B5A562 /* Debug */,
				885AFAB3298501DA00B5A562 /* Release */,
			);
			defaultConfigurationIsVisible = 0;
			defaultConfigurationName = Release;
		};
/* End XCConfigurationList section */
	};
	rootObject = 885AFA7F298501D700B5A562 /* Project object */;
}
